// !$*UTF8*$!
{
	archiveVersion = 1;
	classes = {
	};
	objectVersion = 50;
	objects = {

/* Begin PBXBuildFile section */
		6C6C961D24C8EB4F00C02B28 /* AppDelegate.swift in Sources */ = {isa = PBXBuildFile; fileRef = 6C6C961C24C8EB4F00C02B28 /* AppDelegate.swift */; };
		6C6C961F24C8EB4F00C02B28 /* SceneDelegate.swift in Sources */ = {isa = PBXBuildFile; fileRef = 6C6C961E24C8EB4F00C02B28 /* SceneDelegate.swift */; };
		6C6C962124C8EB4F00C02B28 /* ViewController.swift in Sources */ = {isa = PBXBuildFile; fileRef = 6C6C962024C8EB4F00C02B28 /* ViewController.swift */; };
		6C6C962424C8EB4F00C02B28 /* Main.storyboard in Resources */ = {isa = PBXBuildFile; fileRef = 6C6C962224C8EB4F00C02B28 /* Main.storyboard */; };
		6C6C962724C8EB4F00C02B28 /* aboutMeApp.xcdatamodeld in Sources */ = {isa = PBXBuildFile; fileRef = 6C6C962524C8EB4F00C02B28 /* aboutMeApp.xcdatamodeld */; };
		6C6C962924C8EB5300C02B28 /* Assets.xcassets in Resources */ = {isa = PBXBuildFile; fileRef = 6C6C962824C8EB5300C02B28 /* Assets.xcassets */; };
		6C6C962C24C8EB5300C02B28 /* LaunchScreen.storyboard in Resources */ = {isa = PBXBuildFile; fileRef = 6C6C962A24C8EB5300C02B28 /* LaunchScreen.storyboard */; };
		6C6C963724C8EB5400C02B28 /* aboutMeAppTests.swift in Sources */ = {isa = PBXBuildFile; fileRef = 6C6C963624C8EB5400C02B28 /* aboutMeAppTests.swift */; };
		6C6C964224C8EB5400C02B28 /* aboutMeAppUITests.swift in Sources */ = {isa = PBXBuildFile; fileRef = 6C6C964124C8EB5400C02B28 /* aboutMeAppUITests.swift */; };
/* End PBXBuildFile section */

/* Begin PBXContainerItemProxy section */
		6C6C963324C8EB5400C02B28 /* PBXContainerItemProxy */ = {
			isa = PBXContainerItemProxy;
			containerPortal = 6C6C961124C8EB4F00C02B28 /* Project object */;
			proxyType = 1;
			remoteGlobalIDString = 6C6C961824C8EB4F00C02B28;
			remoteInfo = aboutMeApp;
		};
		6C6C963E24C8EB5400C02B28 /* PBXContainerItemProxy */ = {
			isa = PBXContainerItemProxy;
			containerPortal = 6C6C961124C8EB4F00C02B28 /* Project object */;
			proxyType = 1;
			remoteGlobalIDString = 6C6C961824C8EB4F00C02B28;
			remoteInfo = aboutMeApp;
		};
/* End PBXContainerItemProxy section */

/* Begin PBXFileReference section */
		6C6C961924C8EB4F00C02B28 /* aboutMeApp.app */ = {isa = PBXFileReference; explicitFileType = wrapper.application; includeInIndex = 0; path = aboutMeApp.app; sourceTree = BUILT_PRODUCTS_DIR; };
		6C6C961C24C8EB4F00C02B28 /* AppDelegate.swift */ = {isa = PBXFileReference; lastKnownFileType = sourcecode.swift; path = AppDelegate.swift; sourceTree = "<group>"; };
		6C6C961E24C8EB4F00C02B28 /* SceneDelegate.swift */ = {isa = PBXFileReference; lastKnownFileType = sourcecode.swift; path = SceneDelegate.swift; sourceTree = "<group>"; };
		6C6C962024C8EB4F00C02B28 /* ViewController.swift */ = {isa = PBXFileReference; lastKnownFileType = sourcecode.swift; path = ViewController.swift; sourceTree = "<group>"; };
		6C6C962324C8EB4F00C02B28 /* Base */ = {isa = PBXFileReference; lastKnownFileType = file.storyboard; name = Base; path = Base.lproj/Main.storyboard; sourceTree = "<group>"; };
		6C6C962624C8EB4F00C02B28 /* aboutMeApp.xcdatamodel */ = {isa = PBXFileReference; lastKnownFileType = wrapper.xcdatamodel; path = aboutMeApp.xcdatamodel; sourceTree = "<group>"; };
		6C6C962824C8EB5300C02B28 /* Assets.xcassets */ = {isa = PBXFileReference; lastKnownFileType = folder.assetcatalog; path = Assets.xcassets; sourceTree = "<group>"; };
		6C6C962B24C8EB5300C02B28 /* Base */ = {isa = PBXFileReference; lastKnownFileType = file.storyboard; name = Base; path = Base.lproj/LaunchScreen.storyboard; sourceTree = "<group>"; };
		6C6C962D24C8EB5300C02B28 /* Info.plist */ = {isa = PBXFileReference; lastKnownFileType = text.plist.xml; path = Info.plist; sourceTree = "<group>"; };
		6C6C963224C8EB5400C02B28 /* aboutMeAppTests.xctest */ = {isa = PBXFileReference; explicitFileType = wrapper.cfbundle; includeInIndex = 0; path = aboutMeAppTests.xctest; sourceTree = BUILT_PRODUCTS_DIR; };
		6C6C963624C8EB5400C02B28 /* aboutMeAppTests.swift */ = {isa = PBXFileReference; lastKnownFileType = sourcecode.swift; path = aboutMeAppTests.swift; sourceTree = "<group>"; };
		6C6C963824C8EB5400C02B28 /* Info.plist */ = {isa = PBXFileReference; lastKnownFileType = text.plist.xml; path = Info.plist; sourceTree = "<group>"; };
		6C6C963D24C8EB5400C02B28 /* aboutMeAppUITests.xctest */ = {isa = PBXFileReference; explicitFileType = wrapper.cfbundle; includeInIndex = 0; path = aboutMeAppUITests.xctest; sourceTree = BUILT_PRODUCTS_DIR; };
		6C6C964124C8EB5400C02B28 /* aboutMeAppUITests.swift */ = {isa = PBXFileReference; lastKnownFileType = sourcecode.swift; path = aboutMeAppUITests.swift; sourceTree = "<group>"; };
		6C6C964324C8EB5400C02B28 /* Info.plist */ = {isa = PBXFileReference; lastKnownFileType = text.plist.xml; path = Info.plist; sourceTree = "<group>"; };
/* End PBXFileReference section */

/* Begin PBXFrameworksBuildPhase section */
		6C6C961624C8EB4F00C02B28 /* Frameworks */ = {
			isa = PBXFrameworksBuildPhase;
			buildActionMask = 2147483647;
			files = (
			);
			runOnlyForDeploymentPostprocessing = 0;
		};
		6C6C962F24C8EB5400C02B28 /* Frameworks */ = {
			isa = PBXFrameworksBuildPhase;
			buildActionMask = 2147483647;
			files = (
			);
			runOnlyForDeploymentPostprocessing = 0;
		};
		6C6C963A24C8EB5400C02B28 /* Frameworks */ = {
			isa = PBXFrameworksBuildPhase;
			buildActionMask = 2147483647;
			files = (
			);
			runOnlyForDeploymentPostprocessing = 0;
		};
/* End PBXFrameworksBuildPhase section */

/* Begin PBXGroup section */
		6C6C961024C8EB4F00C02B28 = {
			isa = PBXGroup;
			children = (
				6C6C961B24C8EB4F00C02B28 /* aboutMeApp */,
				6C6C963524C8EB5400C02B28 /* aboutMeAppTests */,
				6C6C964024C8EB5400C02B28 /* aboutMeAppUITests */,
				6C6C961A24C8EB4F00C02B28 /* Products */,
			);
			sourceTree = "<group>";
		};
		6C6C961A24C8EB4F00C02B28 /* Products */ = {
			isa = PBXGroup;
			children = (
				6C6C961924C8EB4F00C02B28 /* aboutMeApp.app */,
				6C6C963224C8EB5400C02B28 /* aboutMeAppTests.xctest */,
				6C6C963D24C8EB5400C02B28 /* aboutMeAppUITests.xctest */,
			);
			name = Products;
			sourceTree = "<group>";
		};
		6C6C961B24C8EB4F00C02B28 /* aboutMeApp */ = {
			isa = PBXGroup;
			children = (
				6C6C961C24C8EB4F00C02B28 /* AppDelegate.swift */,
				6C6C961E24C8EB4F00C02B28 /* SceneDelegate.swift */,
				6C6C962024C8EB4F00C02B28 /* ViewController.swift */,
				6C6C962224C8EB4F00C02B28 /* Main.storyboard */,
				6C6C962824C8EB5300C02B28 /* Assets.xcassets */,
				6C6C962A24C8EB5300C02B28 /* LaunchScreen.storyboard */,
				6C6C962D24C8EB5300C02B28 /* Info.plist */,
				6C6C962524C8EB4F00C02B28 /* aboutMeApp.xcdatamodeld */,
			);
			path = aboutMeApp;
			sourceTree = "<group>";
		};
		6C6C963524C8EB5400C02B28 /* aboutMeAppTests */ = {
			isa = PBXGroup;
			children = (
				6C6C963624C8EB5400C02B28 /* aboutMeAppTests.swift */,
				6C6C963824C8EB5400C02B28 /* Info.plist */,
			);
			path = aboutMeAppTests;
			sourceTree = "<group>";
		};
		6C6C964024C8EB5400C02B28 /* aboutMeAppUITests */ = {
			isa = PBXGroup;
			children = (
				6C6C964124C8EB5400C02B28 /* aboutMeAppUITests.swift */,
				6C6C964324C8EB5400C02B28 /* Info.plist */,
			);
			path = aboutMeAppUITests;
			sourceTree = "<group>";
		};
/* End PBXGroup section */

/* Begin PBXNativeTarget section */
		6C6C961824C8EB4F00C02B28 /* aboutMeApp */ = {
			isa = PBXNativeTarget;
			buildConfigurationList = 6C6C964624C8EB5400C02B28 /* Build configuration list for PBXNativeTarget "aboutMeApp" */;
			buildPhases = (
				6C6C961524C8EB4F00C02B28 /* Sources */,
				6C6C961624C8EB4F00C02B28 /* Frameworks */,
				6C6C961724C8EB4F00C02B28 /* Resources */,
			);
			buildRules = (
			);
			dependencies = (
			);
			name = aboutMeApp;
			productName = aboutMeApp;
			productReference = 6C6C961924C8EB4F00C02B28 /* aboutMeApp.app */;
			productType = "com.apple.product-type.application";
		};
		6C6C963124C8EB5400C02B28 /* aboutMeAppTests */ = {
			isa = PBXNativeTarget;
			buildConfigurationList = 6C6C964924C8EB5400C02B28 /* Build configuration list for PBXNativeTarget "aboutMeAppTests" */;
			buildPhases = (
				6C6C962E24C8EB5400C02B28 /* Sources */,
				6C6C962F24C8EB5400C02B28 /* Frameworks */,
				6C6C963024C8EB5400C02B28 /* Resources */,
			);
			buildRules = (
			);
			dependencies = (
				6C6C963424C8EB5400C02B28 /* PBXTargetDependency */,
			);
			name = aboutMeAppTests;
			productName = aboutMeAppTests;
			productReference = 6C6C963224C8EB5400C02B28 /* aboutMeAppTests.xctest */;
			productType = "com.apple.product-type.bundle.unit-test";
		};
		6C6C963C24C8EB5400C02B28 /* aboutMeAppUITests */ = {
			isa = PBXNativeTarget;
			buildConfigurationList = 6C6C964C24C8EB5400C02B28 /* Build configuration list for PBXNativeTarget "aboutMeAppUITests" */;
			buildPhases = (
				6C6C963924C8EB5400C02B28 /* Sources */,
				6C6C963A24C8EB5400C02B28 /* Frameworks */,
				6C6C963B24C8EB5400C02B28 /* Resources */,
			);
			buildRules = (
			);
			dependencies = (
				6C6C963F24C8EB5400C02B28 /* PBXTargetDependency */,
			);
			name = aboutMeAppUITests;
			productName = aboutMeAppUITests;
			productReference = 6C6C963D24C8EB5400C02B28 /* aboutMeAppUITests.xctest */;
			productType = "com.apple.product-type.bundle.ui-testing";
		};
/* End PBXNativeTarget section */

/* Begin PBXProject section */
		6C6C961124C8EB4F00C02B28 /* Project object */ = {
			isa = PBXProject;
			attributes = {
				LastSwiftUpdateCheck = 1150;
				LastUpgradeCheck = 1150;
				ORGANIZATIONNAME = KWK;
				TargetAttributes = {
					6C6C961824C8EB4F00C02B28 = {
						CreatedOnToolsVersion = 11.5;
					};
					6C6C963124C8EB5400C02B28 = {
						CreatedOnToolsVersion = 11.5;
						TestTargetID = 6C6C961824C8EB4F00C02B28;
					};
					6C6C963C24C8EB5400C02B28 = {
						CreatedOnToolsVersion = 11.5;
						TestTargetID = 6C6C961824C8EB4F00C02B28;
					};
				};
			};
			buildConfigurationList = 6C6C961424C8EB4F00C02B28 /* Build configuration list for PBXProject "aboutMeApp" */;
			compatibilityVersion = "Xcode 9.3";
			developmentRegion = en;
			hasScannedForEncodings = 0;
			knownRegions = (
				en,
				Base,
			);
			mainGroup = 6C6C961024C8EB4F00C02B28;
			productRefGroup = 6C6C961A24C8EB4F00C02B28 /* Products */;
			projectDirPath = "";
			projectRoot = "";
			targets = (
				6C6C961824C8EB4F00C02B28 /* aboutMeApp */,
				6C6C963124C8EB5400C02B28 /* aboutMeAppTests */,
				6C6C963C24C8EB5400C02B28 /* aboutMeAppUITests */,
			);
		};
/* End PBXProject section */

/* Begin PBXResourcesBuildPhase section */
		6C6C961724C8EB4F00C02B28 /* Resources */ = {
			isa = PBXResourcesBuildPhase;
			buildActionMask = 2147483647;
			files = (
				6C6C962C24C8EB5300C02B28 /* LaunchScreen.storyboard in Resources */,
				6C6C962924C8EB5300C02B28 /* Assets.xcassets in Resources */,
				6C6C962424C8EB4F00C02B28 /* Main.storyboard in Resources */,
			);
			runOnlyForDeploymentPostprocessing = 0;
		};
		6C6C963024C8EB5400C02B28 /* Resources */ = {
			isa = PBXResourcesBuildPhase;
			buildActionMask = 2147483647;
			files = (
			);
			runOnlyForDeploymentPostprocessing = 0;
		};
		6C6C963B24C8EB5400C02B28 /* Resources */ = {
			isa = PBXResourcesBuildPhase;
			buildActionMask = 2147483647;
			files = (
			);
			runOnlyForDeploymentPostprocessing = 0;
		};
/* End PBXResourcesBuildPhase section */

/* Begin PBXSourcesBuildPhase section */
		6C6C961524C8EB4F00C02B28 /* Sources */ = {
			isa = PBXSourcesBuildPhase;
			buildActionMask = 2147483647;
			files = (
				6C6C962124C8EB4F00C02B28 /* ViewController.swift in Sources */,
				6C6C962724C8EB4F00C02B28 /* aboutMeApp.xcdatamodeld in Sources */,
				6C6C961D24C8EB4F00C02B28 /* AppDelegate.swift in Sources */,
				6C6C961F24C8EB4F00C02B28 /* SceneDelegate.swift in Sources */,
			);
			runOnlyForDeploymentPostprocessing = 0;
		};
		6C6C962E24C8EB5400C02B28 /* Sources */ = {
			isa = PBXSourcesBuildPhase;
			buildActionMask = 2147483647;
			files = (
				6C6C963724C8EB5400C02B28 /* aboutMeAppTests.swift in Sources */,
			);
			runOnlyForDeploymentPostprocessing = 0;
		};
		6C6C963924C8EB5400C02B28 /* Sources */ = {
			isa = PBXSourcesBuildPhase;
			buildActionMask = 2147483647;
			files = (
				6C6C964224C8EB5400C02B28 /* aboutMeAppUITests.swift in Sources */,
			);
			runOnlyForDeploymentPostprocessing = 0;
		};
/* End PBXSourcesBuildPhase section */

/* Begin PBXTargetDependency section */
		6C6C963424C8EB5400C02B28 /* PBXTargetDependency */ = {
			isa = PBXTargetDependency;
			target = 6C6C961824C8EB4F00C02B28 /* aboutMeApp */;
			targetProxy = 6C6C963324C8EB5400C02B28 /* PBXContainerItemProxy */;
		};
		6C6C963F24C8EB5400C02B28 /* PBXTargetDependency */ = {
			isa = PBXTargetDependency;
			target = 6C6C961824C8EB4F00C02B28 /* aboutMeApp */;
			targetProxy = 6C6C963E24C8EB5400C02B28 /* PBXContainerItemProxy */;
		};
/* End PBXTargetDependency section */

/* Begin PBXVariantGroup section */
		6C6C962224C8EB4F00C02B28 /* Main.storyboard */ = {
			isa = PBXVariantGroup;
			children = (
				6C6C962324C8EB4F00C02B28 /* Base */,
			);
			name = Main.storyboard;
			sourceTree = "<group>";
		};
		6C6C962A24C8EB5300C02B28 /* LaunchScreen.storyboard */ = {
			isa = PBXVariantGroup;
			children = (
				6C6C962B24C8EB5300C02B28 /* Base */,
			);
			name = LaunchScreen.storyboard;
			sourceTree = "<group>";
		};
/* End PBXVariantGroup section */

/* Begin XCBuildConfiguration section */
		6C6C964424C8EB5400C02B28 /* Debug */ = {
			isa = XCBuildConfiguration;
			buildSettings = {
				ALWAYS_SEARCH_USER_PATHS = NO;
				CLANG_ANALYZER_NONNULL = YES;
				CLANG_ANALYZER_NUMBER_OBJECT_CONVERSION = YES_AGGRESSIVE;
				CLANG_CXX_LANGUAGE_STANDARD = "gnu++14";
				CLANG_CXX_LIBRARY = "libc++";
				CLANG_ENABLE_MODULES = YES;
				CLANG_ENABLE_OBJC_ARC = YES;
				CLANG_ENABLE_OBJC_WEAK = YES;
				CLANG_WARN_BLOCK_CAPTURE_AUTORELEASING = YES;
				CLANG_WARN_BOOL_CONVERSION = YES;
				CLANG_WARN_COMMA = YES;
				CLANG_WARN_CONSTANT_CONVERSION = YES;
				CLANG_WARN_DEPRECATED_OBJC_IMPLEMENTATIONS = YES;
				CLANG_WARN_DIRECT_OBJC_ISA_USAGE = YES_ERROR;
				CLANG_WARN_DOCUMENTATION_COMMENTS = YES;
				CLANG_WARN_EMPTY_BODY = YES;
				CLANG_WARN_ENUM_CONVERSION = YES;
				CLANG_WARN_INFINITE_RECURSION = YES;
				CLANG_WARN_INT_CONVERSION = YES;
				CLANG_WARN_NON_LITERAL_NULL_CONVERSION = YES;
				CLANG_WARN_OBJC_IMPLICIT_RETAIN_SELF = YES;
				CLANG_WARN_OBJC_LITERAL_CONVERSION = YES;
				CLANG_WARN_OBJC_ROOT_CLASS = YES_ERROR;
				CLANG_WARN_RANGE_LOOP_ANALYSIS = YES;
				CLANG_WARN_STRICT_PROTOTYPES = YES;
				CLANG_WARN_SUSPICIOUS_MOVE = YES;
				CLANG_WARN_UNGUARDED_AVAILABILITY = YES_AGGRESSIVE;
				CLANG_WARN_UNREACHABLE_CODE = YES;
				CLANG_WARN__DUPLICATE_METHOD_MATCH = YES;
				COPY_PHASE_STRIP = NO;
				DEBUG_INFORMATION_FORMAT = dwarf;
				ENABLE_STRICT_OBJC_MSGSEND = YES;
				ENABLE_TESTABILITY = YES;
				GCC_C_LANGUAGE_STANDARD = gnu11;
				GCC_DYNAMIC_NO_PIC = NO;
				GCC_NO_COMMON_BLOCKS = YES;
				GCC_OPTIMIZATION_LEVEL = 0;
				GCC_PREPROCESSOR_DEFINITIONS = (
					"DEBUG=1",
					"$(inherited)",
				);
				GCC_WARN_64_TO_32_BIT_CONVERSION = YES;
				GCC_WARN_ABOUT_RETURN_TYPE = YES_ERROR;
				GCC_WARN_UNDECLARED_SELECTOR = YES;
				GCC_WARN_UNINITIALIZED_AUTOS = YES_AGGRESSIVE;
				GCC_WARN_UNUSED_FUNCTION = YES;
				GCC_WARN_UNUSED_VARIABLE = YES;
				IPHONEOS_DEPLOYMENT_TARGET = 13.5;
				MTL_ENABLE_DEBUG_INFO = INCLUDE_SOURCE;
				MTL_FAST_MATH = YES;
				ONLY_ACTIVE_ARCH = YES;
				SDKROOT = iphoneos;
				SWIFT_ACTIVE_COMPILATION_CONDITIONS = DEBUG;
				SWIFT_OPTIMIZATION_LEVEL = "-Onone";
			};
			name = Debug;
		};
		6C6C964524C8EB5400C02B28 /* Release */ = {
			isa = XCBuildConfiguration;
			buildSettings = {
				ALWAYS_SEARCH_USER_PATHS = NO;
				CLANG_ANALYZER_NONNULL = YES;
				CLANG_ANALYZER_NUMBER_OBJECT_CONVERSION = YES_AGGRESSIVE;
				CLANG_CXX_LANGUAGE_STANDARD = "gnu++14";
				CLANG_CXX_LIBRARY = "libc++";
				CLANG_ENABLE_MODULES = YES;
				CLANG_ENABLE_OBJC_ARC = YES;
				CLANG_ENABLE_OBJC_WEAK = YES;
				CLANG_WARN_BLOCK_CAPTURE_AUTORELEASING = YES;
				CLANG_WARN_BOOL_CONVERSION = YES;
				CLANG_WARN_COMMA = YES;
				CLANG_WARN_CONSTANT_CONVERSION = YES;
				CLANG_WARN_DEPRECATED_OBJC_IMPLEMENTATIONS = YES;
				CLANG_WARN_DIRECT_OBJC_ISA_USAGE = YES_ERROR;
				CLANG_WARN_DOCUMENTATION_COMMENTS = YES;
				CLANG_WARN_EMPTY_BODY = YES;
				CLANG_WARN_ENUM_CONVERSION = YES;
				CLANG_WARN_INFINITE_RECURSION = YES;
				CLANG_WARN_INT_CONVERSION = YES;
				CLANG_WARN_NON_LITERAL_NULL_CONVERSION = YES;
				CLANG_WARN_OBJC_IMPLICIT_RETAIN_SELF = YES;
				CLANG_WARN_OBJC_LITERAL_CONVERSION = YES;
				CLANG_WARN_OBJC_ROOT_CLASS = YES_ERROR;
				CLANG_WARN_RANGE_LOOP_ANALYSIS = YES;
				CLANG_WARN_STRICT_PROTOTYPES = YES;
				CLANG_WARN_SUSPICIOUS_MOVE = YES;
				CLANG_WARN_UNGUARDED_AVAILABILITY = YES_AGGRESSIVE;
				CLANG_WARN_UNREACHABLE_CODE = YES;
				CLANG_WARN__DUPLICATE_METHOD_MATCH = YES;
				COPY_PHASE_STRIP = NO;
				DEBUG_INFORMATION_FORMAT = "dwarf-with-dsym";
				ENABLE_NS_ASSERTIONS = NO;
				ENABLE_STRICT_OBJC_MSGSEND = YES;
				GCC_C_LANGUAGE_STANDARD = gnu11;
				GCC_NO_COMMON_BLOCKS = YES;
				GCC_WARN_64_TO_32_BIT_CONVERSION = YES;
				GCC_WARN_ABOUT_RETURN_TYPE = YES_ERROR;
				GCC_WARN_UNDECLARED_SELECTOR = YES;
				GCC_WARN_UNINITIALIZED_AUTOS = YES_AGGRESSIVE;
				GCC_WARN_UNUSED_FUNCTION = YES;
				GCC_WARN_UNUSED_VARIABLE = YES;
				IPHONEOS_DEPLOYMENT_TARGET = 13.5;
				MTL_ENABLE_DEBUG_INFO = NO;
				MTL_FAST_MATH = YES;
				SDKROOT = iphoneos;
				SWIFT_COMPILATION_MODE = wholemodule;
				SWIFT_OPTIMIZATION_LEVEL = "-O";
				VALIDATE_PRODUCT = YES;
			};
			name = Release;
		};
		6C6C964724C8EB5400C02B28 /* Debug */ = {
			isa = XCBuildConfiguration;
			buildSettings = {
				ASSETCATALOG_COMPILER_APPICON_NAME = AppIcon;
				CODE_SIGN_STYLE = Automatic;
				INFOPLIST_FILE = aboutMeApp/Info.plist;
				LD_RUNPATH_SEARCH_PATHS = (
					"$(inherited)",
					"@executable_path/Frameworks",
				);
				PRODUCT_BUNDLE_IDENTIFIER = "Mayukha-Sripathi.aboutMeApp";
				PRODUCT_NAME = "$(TARGET_NAME)";
				SWIFT_VERSION = 5.0;
				TARGETED_DEVICE_FAMILY = "1,2";
			};
			name = Debug;
		};
		6C6C964824C8EB5400C02B28 /* Release */ = {
			isa = XCBuildConfiguration;
			buildSettings = {
				ASSETCATALOG_COMPILER_APPICON_NAME = AppIcon;
				CODE_SIGN_STYLE = Automatic;
				INFOPLIST_FILE = aboutMeApp/Info.plist;
				LD_RUNPATH_SEARCH_PATHS = (
					"$(inherited)",
					"@executable_path/Frameworks",
				);
				PRODUCT_BUNDLE_IDENTIFIER = "Mayukha-Sripathi.aboutMeApp";
				PRODUCT_NAME = "$(TARGET_NAME)";
				SWIFT_VERSION = 5.0;
				TARGETED_DEVICE_FAMILY = "1,2";
			};
			name = Release;
		};
		6C6C964A24C8EB5400C02B28 /* Debug */ = {
			isa = XCBuildConfiguration;
			buildSettings = {
				ALWAYS_EMBED_SWIFT_STANDARD_LIBRARIES = YES;
				BUNDLE_LOADER = "$(TEST_HOST)";
				CODE_SIGN_STYLE = Automatic;
				INFOPLIST_FILE = aboutMeAppTests/Info.plist;
				IPHONEOS_DEPLOYMENT_TARGET = 13.5;
				LD_RUNPATH_SEARCH_PATHS = (
					"$(inherited)",
					"@executable_path/Frameworks",
					"@loader_path/Frameworks",
				);
				PRODUCT_BUNDLE_IDENTIFIER = "Mayukha-Sripathi.aboutMeAppTests";
				PRODUCT_NAME = "$(TARGET_NAME)";
				SWIFT_VERSION = 5.0;
				TARGETED_DEVICE_FAMILY = "1,2";
				TEST_HOST = "$(BUILT_PRODUCTS_DIR)/aboutMeApp.app/aboutMeApp";
			};
			name = Debug;
		};
		6C6C964B24C8EB5400C02B28 /* Release */ = {
			isa = XCBuildConfiguration;
			buildSettings = {
				ALWAYS_EMBED_SWIFT_STANDARD_LIBRARIES = YES;
				BUNDLE_LOADER = "$(TEST_HOST)";
				CODE_SIGN_STYLE = Automatic;
				INFOPLIST_FILE = aboutMeAppTests/Info.plist;
				IPHONEOS_DEPLOYMENT_TARGET = 13.5;
				LD_RUNPATH_SEARCH_PATHS = (
					"$(inherited)",
					"@executable_path/Frameworks",
					"@loader_path/Frameworks",
				);
				PRODUCT_BUNDLE_IDENTIFIER = "Mayukha-Sripathi.aboutMeAppTests";
				PRODUCT_NAME = "$(TARGET_NAME)";
				SWIFT_VERSION = 5.0;
				TARGETED_DEVICE_FAMILY = "1,2";
				TEST_HOST = "$(BUILT_PRODUCTS_DIR)/aboutMeApp.app/aboutMeApp";
			};
			name = Release;
		};
		6C6C964D24C8EB5400C02B28 /* Debug */ = {
			isa = XCBuildConfiguration;
			buildSettings = {
				ALWAYS_EMBED_SWIFT_STANDARD_LIBRARIES = YES;
				CODE_SIGN_STYLE = Automatic;
				INFOPLIST_FILE = aboutMeAppUITests/Info.plist;
				LD_RUNPATH_SEARCH_PATHS = (
					"$(inherited)",
					"@executable_path/Frameworks",
					"@loader_path/Frameworks",
				);
				PRODUCT_BUNDLE_IDENTIFIER = "Mayukha-Sripathi.aboutMeAppUITests";
				PRODUCT_NAME = "$(TARGET_NAME)";
				SWIFT_VERSION = 5.0;
				TARGETED_DEVICE_FAMILY = "1,2";
				TEST_TARGET_NAME = aboutMeApp;
			};
			name = Debug;
		};
		6C6C964E24C8EB5400C02B28 /* Release */ = {
			isa = XCBuildConfiguration;
			buildSettings = {
				ALWAYS_EMBED_SWIFT_STANDARD_LIBRARIES = YES;
				CODE_SIGN_STYLE = Automatic;
				INFOPLIST_FILE = aboutMeAppUITests/Info.plist;
				LD_RUNPATH_SEARCH_PATHS = (
					"$(inherited)",
					"@executable_path/Frameworks",
					"@loader_path/Frameworks",
				);
				PRODUCT_BUNDLE_IDENTIFIER = "Mayukha-Sripathi.aboutMeAppUITests";
				PRODUCT_NAME = "$(TARGET_NAME)";
				SWIFT_VERSION = 5.0;
				TARGETED_DEVICE_FAMILY = "1,2";
				TEST_TARGET_NAME = aboutMeApp;
			};
			name = Release;
		};
/* End XCBuildConfiguration section */

/* Begin XCConfigurationList section */
		6C6C961424C8EB4F00C02B28 /* Build configuration list for PBXProject "aboutMeApp" */ = {
			isa = XCConfigurationList;
			buildConfigurations = (
				6C6C964424C8EB5400C02B28 /* Debug */,
				6C6C964524C8EB5400C02B28 /* Release */,
			);
			defaultConfigurationIsVisible = 0;
			defaultConfigurationName = Release;
		};
		6C6C964624C8EB5400C02B28 /* Build configuration list for PBXNativeTarget "aboutMeApp" */ = {
			isa = XCConfigurationList;
			buildConfigurations = (
				6C6C964724C8EB5400C02B28 /* Debug */,
				6C6C964824C8EB5400C02B28 /* Release */,
			);
			defaultConfigurationIsVisible = 0;
			defaultConfigurationName = Release;
		};
		6C6C964924C8EB5400C02B28 /* Build configuration list for PBXNativeTarget "aboutMeAppTests" */ = {
			isa = XCConfigurationList;
			buildConfigurations = (
				6C6C964A24C8EB5400C02B28 /* Debug */,
				6C6C964B24C8EB5400C02B28 /* Release */,
			);
			defaultConfigurationIsVisible = 0;
			defaultConfigurationName = Release;
		};
		6C6C964C24C8EB5400C02B28 /* Build configuration list for PBXNativeTarget "aboutMeAppUITests" */ = {
			isa = XCConfigurationList;
			buildConfigurations = (
				6C6C964D24C8EB5400C02B28 /* Debug */,
				6C6C964E24C8EB5400C02B28 /* Release */,
			);
			defaultConfigurationIsVisible = 0;
			defaultConfigurationName = Release;
		};
/* End XCConfigurationList section */

/* Begin XCVersionGroup section */
		6C6C962524C8EB4F00C02B28 /* aboutMeApp.xcdatamodeld */ = {
			isa = XCVersionGroup;
			children = (
				6C6C962624C8EB4F00C02B28 /* aboutMeApp.xcdatamodel */,
			);
			currentVersion = 6C6C962624C8EB4F00C02B28 /* aboutMeApp.xcdatamodel */;
			path = aboutMeApp.xcdatamodeld;
			sourceTree = "<group>";
			versionGroupType = wrapper.xcdatamodel;
		};
/* End XCVersionGroup section */
	};
	rootObject = 6C6C961124C8EB4F00C02B28 /* Project object */;
}
